
Microsoft Visual Studio Solution File, Format Version 12.00
# Visual Studio Version 17
VisualStudioVersion = 17.7.34024.191
MinimumVisualStudioVersion = 10.0.40219.1
Project("{9A19103F-16F7-4668-BE54-9A1E7A4F7556}") = "Shop.Entities", "Shop.Entities\Shop.Entities.csproj", "{886A1B55-270B-4735-85BD-163FDBFFAA8A}"
EndProject
Project("{9A19103F-16F7-4668-BE54-9A1E7A4F7556}") = "Shop.DataAccess", "Shop.DataAccess\Shop.DataAccess.csproj", "{724BB8CB-D814-4803-B28E-ADFB4E6662D4}"
EndProject
Project("{9A19103F-16F7-4668-BE54-9A1E7A4F7556}") = "Shop.Business", "Shop.Business\Shop.Business.csproj", "{72A3E4F1-7E58-4C53-9FF9-BC1534EC7097}"
EndProject
Project("{9A19103F-16F7-4668-BE54-9A1E7A4F7556}") = "Shop.Core", "Shop.Core\Shop.Core.csproj", "{34A9A6BA-F61B-41C3-AE49-0D69D2203506}"
EndProject
Project("{FAE04EC0-301F-11D3-BF4B-00C04F79EFBC}") = "Shop.WebAPI", "Shop.WebAPI\Shop.WebAPI.csproj", "{C673A250-3DE9-415F-BC79-76095D34B090}"
EndProject
Global
	GlobalSection(SolutionConfigurationPlatforms) = preSolution
		Debug|Any CPU = Debug|Any CPU
		Release|Any CPU = Release|Any CPU
	EndGlobalSection
	GlobalSection(ProjectConfigurationPlatforms) = postSolution
		{886A1B55-270B-4735-85BD-163FDBFFAA8A}.Debug|Any CPU.ActiveCfg = Debug|Any CPU
		{886A1B55-270B-4735-85BD-163FDBFFAA8A}.Debug|Any CPU.Build.0 = Debug|Any CPU
		{886A1B55-270B-4735-85BD-163FDBFFAA8A}.Release|Any CPU.ActiveCfg = Release|Any CPU
		{886A1B55-270B-4735-85BD-163FDBFFAA8A}.Release|Any CPU.Build.0 = Release|Any CPU
		{724BB8CB-D814-4803-B28E-ADFB4E6662D4}.Debug|Any CPU.ActiveCfg = Debug|Any CPU
		{724BB8CB-D814-4803-B28E-ADFB4E6662D4}.Debug|Any CPU.Build.0 = Debug|Any CPU
		{724BB8CB-D814-4803-B28E-ADFB4E6662D4}.Release|Any CPU.ActiveCfg = Release|Any CPU
		{724BB8CB-D814-4803-B28E-ADFB4E6662D4}.Release|Any CPU.Build.0 = Release|Any CPU
		{72A3E4F1-7E58-4C53-9FF9-BC1534EC7097}.Debug|Any CPU.ActiveCfg = Debug|Any CPU
		{72A3E4F1-7E58-4C53-9FF9-BC1534EC7097}.Debug|Any CPU.Build.0 = Debug|Any CPU
		{72A3E4F1-7E58-4C53-9FF9-BC1534EC7097}.Release|Any CPU.ActiveCfg = Release|Any CPU
		{72A3E4F1-7E58-4C53-9FF9-BC1534EC7097}.Release|Any CPU.Build.0 = Release|Any CPU
		{34A9A6BA-F61B-41C3-AE49-0D69D2203506}.Debug|Any CPU.ActiveCfg = Debug|Any CPU
		{34A9A6BA-F61B-41C3-AE49-0D69D2203506}.Debug|Any CPU.Build.0 = Debug|Any CPU
		{34A9A6BA-F61B-41C3-AE49-0D69D2203506}.Release|Any CPU.ActiveCfg = Release|Any CPU
		{34A9A6BA-F61B-41C3-AE49-0D69D2203506}.Release|Any CPU.Build.0 = Release|Any CPU
		{C673A250-3DE9-415F-BC79-76095D34B090}.Debug|Any CPU.ActiveCfg = Debug|Any CPU
		{C673A250-3DE9-415F-BC79-76095D34B090}.Debug|Any CPU.Build.0 = Debug|Any CPU
		{C673A250-3DE9-415F-BC79-76095D34B090}.Release|Any CPU.ActiveCfg = Release|Any CPU
		{C673A250-3DE9-415F-BC79-76095D34B090}.Release|Any CPU.Build.0 = Release|Any CPU
	EndGlobalSection
	GlobalSection(SolutionProperties) = preSolution
		HideSolutionNode = FALSE
	EndGlobalSection
	GlobalSection(ExtensibilityGlobals) = postSolution
		SolutionGuid = {146A3EDD-BC54-4039-AE87-379E91D32083}
	EndGlobalSection
EndGlobal
